
Microsoft Visual Studio Solution File, Format Version 12.00
# Visual Studio Version 17
VisualStudioVersion = 17.7.34202.233
MinimumVisualStudioVersion = 10.0.40219.1
Project("{8BC9CEB8-8B4A-11D0-8D11-00A0C91BC942}") = "MT3_1_2", "MT3_1_2.vcxproj", "{C7E951C8-C71D-455C-A340-D0AE4C1019D1}"
EndProject
Global
	GlobalSection(SolutionConfigurationPlatforms) = preSolution
		Debug|x64 = Debug|x64
		Release|x64 = Release|x64
	EndGlobalSection
	GlobalSection(ProjectConfigurationPlatforms) = postSolution
		{C7E951C8-C71D-455C-A340-D0AE4C1019D1}.Debug|x64.ActiveCfg = Debug|x64
		{C7E951C8-C71D-455C-A340-D0AE4C1019D1}.Debug|x64.Build.0 = Debug|x64
		{C7E951C8-C71D-455C-A340-D0AE4C1019D1}.Release|x64.ActiveCfg = Release|x64
		{C7E951C8-C71D-455C-A340-D0AE4C1019D1}.Release|x64.Build.0 = Release|x64
	EndGlobalSection
	GlobalSection(SolutionProperties) = preSolution
		HideSolutionNode = FALSE
	EndGlobalSection
	GlobalSection(ExtensibilityGlobals) = postSolution
		SolutionGuid = {AB917B91-ED3F-47BC-BC0A-00744B9DC245}
	EndGlobalSection
EndGlobal
